
Microsoft Visual Studio Solution File, Format Version 12.00
# Visual Studio Version 16
VisualStudioVersion = 16.0.29613.14
MinimumVisualStudioVersion = 10.0.40219.1
Project("{FAE04EC0-301F-11D3-BF4B-00C04F79EFBC}") = "BounceBack", "BounceBack\BounceBack.csproj", "{E2269546-38B1-4018-88DB-A3A58AB72C2B}"
EndProject
Project("{9A19103F-16F7-4668-BE54-9A1E7A4F7556}") = "Annex", "Annex\Annex.csproj", "{E29BD723-B1B6-4172-A272-12CB5239F796}"
EndProject
Global
	GlobalSection(SolutionConfigurationPlatforms) = preSolution
		Debug|Any CPU = Debug|Any CPU
		Debug|x64 = Debug|x64
		Debug|x86 = Debug|x86
		Release|Any CPU = Release|Any CPU
		Release|x64 = Release|x64
		Release|x86 = Release|x86
	EndGlobalSection
	GlobalSection(ProjectConfigurationPlatforms) = postSolution
		{E2269546-38B1-4018-88DB-A3A58AB72C2B}.Debug|Any CPU.ActiveCfg = Debug|Any CPU
		{E2269546-38B1-4018-88DB-A3A58AB72C2B}.Debug|Any CPU.Build.0 = Debug|Any CPU
		{E2269546-38B1-4018-88DB-A3A58AB72C2B}.Debug|x64.ActiveCfg = Debug|Any CPU
		{E2269546-38B1-4018-88DB-A3A58AB72C2B}.Debug|x64.Build.0 = Debug|Any CPU
		{E2269546-38B1-4018-88DB-A3A58AB72C2B}.Debug|x86.ActiveCfg = Debug|Any CPU
		{E2269546-38B1-4018-88DB-A3A58AB72C2B}.Debug|x86.Build.0 = Debug|Any CPU
		{E2269546-38B1-4018-88DB-A3A58AB72C2B}.Release|Any CPU.ActiveCfg = Release|Any CPU
		{E2269546-38B1-4018-88DB-A3A58AB72C2B}.Release|Any CPU.Build.0 = Release|Any CPU
		{E2269546-38B1-4018-88DB-A3A58AB72C2B}.Release|x64.ActiveCfg = Release|Any CPU
		{E2269546-38B1-4018-88DB-A3A58AB72C2B}.Release|x64.Build.0 = Release|Any CPU
		{E2269546-38B1-4018-88DB-A3A58AB72C2B}.Release|x86.ActiveCfg = Release|Any CPU
		{E2269546-38B1-4018-88DB-A3A58AB72C2B}.Release|x86.Build.0 = Release|Any CPU
		{E29BD723-B1B6-4172-A272-12CB5239F796}.Debug|Any CPU.ActiveCfg = Debug|Any CPU
		{E29BD723-B1B6-4172-A272-12CB5239F796}.Debug|Any CPU.Build.0 = Debug|Any CPU
		{E29BD723-B1B6-4172-A272-12CB5239F796}.Debug|x64.ActiveCfg = Debug|x64
		{E29BD723-B1B6-4172-A272-12CB5239F796}.Debug|x64.Build.0 = Debug|x64
		{E29BD723-B1B6-4172-A272-12CB5239F796}.Debug|x86.ActiveCfg = Debug|x86
		{E29BD723-B1B6-4172-A272-12CB5239F796}.Debug|x86.Build.0 = Debug|x86
		{E29BD723-B1B6-4172-A272-12CB5239F796}.Release|Any CPU.ActiveCfg = Release|Any CPU
		{E29BD723-B1B6-4172-A272-12CB5239F796}.Release|Any CPU.Build.0 = Release|Any CPU
		{E29BD723-B1B6-4172-A272-12CB5239F796}.Release|x64.ActiveCfg = Release|x64
		{E29BD723-B1B6-4172-A272-12CB5239F796}.Release|x64.Build.0 = Release|x64
		{E29BD723-B1B6-4172-A272-12CB5239F796}.Release|x86.ActiveCfg = Release|x86
		{E29BD723-B1B6-4172-A272-12CB5239F796}.Release|x86.Build.0 = Release|x86
	EndGlobalSection
	GlobalSection(SolutionProperties) = preSolution
		HideSolutionNode = FALSE
	EndGlobalSection
	GlobalSection(ExtensibilityGlobals) = postSolution
		SolutionGuid = {A3B05090-314B-4913-BEE9-3CC22D4516A0}
	EndGlobalSection
EndGlobal
